
Microsoft Visual Studio Solution File, Format Version 12.00
# Visual Studio Version 17
VisualStudioVersion = 17.13.35825.156 d17.13
MinimumVisualStudioVersion = 10.0.40219.1
Project("{FAE04EC0-301F-11D3-BF4B-00C04F79EFBC}") = "StartAcademy7", "StartAcademy7.csproj", "{4380DEE4-44C2-4842-A80D-A1A2E50C0845}"
EndProject
Global
	GlobalSection(SolutionConfigurationPlatforms) = preSolution
		Debug|Any CPU = Debug|Any CPU
		Release|Any CPU = Release|Any CPU
	EndGlobalSection
	GlobalSection(ProjectConfigurationPlatforms) = postSolution
		{4380DEE4-44C2-4842-A80D-A1A2E50C0845}.Debug|Any CPU.ActiveCfg = Debug|Any CPU
		{4380DEE4-44C2-4842-A80D-A1A2E50C0845}.Debug|Any CPU.Build.0 = Debug|Any CPU
		{4380DEE4-44C2-4842-A80D-A1A2E50C0845}.Release|Any CPU.ActiveCfg = Release|Any CPU
		{4380DEE4-44C2-4842-A80D-A1A2E50C0845}.Release|Any CPU.Build.0 = Release|Any CPU
	EndGlobalSection
	GlobalSection(SolutionProperties) = preSolution
		HideSolutionNode = FALSE
	EndGlobalSection
	GlobalSection(ExtensibilityGlobals) = postSolution
		SolutionGuid = {A17E96F6-63C3-459E-8D0D-38620B8FFA15}
	EndGlobalSection
EndGlobal
